// !$*UTF8*$!
{
	archiveVersion = 1;
	classes = {
	};
	objectVersion = 50;
	objects = {

/* Begin PBXBuildFile section */
		6A04DD63216939C30045BA78 /* AppDelegate.swift in Sources */ = {isa = PBXBuildFile; fileRef = 6A04DD62216939C30045BA78 /* AppDelegate.swift */; };
		6A04DD65216939C30045BA78 /* ViewController.swift in Sources */ = {isa = PBXBuildFile; fileRef = 6A04DD64216939C30045BA78 /* ViewController.swift */; };
		6A04DD68216939C30045BA78 /* Main.storyboard in Resources */ = {isa = PBXBuildFile; fileRef = 6A04DD66216939C30045BA78 /* Main.storyboard */; };
		6A04DD6A216939C50045BA78 /* Assets.xcassets in Resources */ = {isa = PBXBuildFile; fileRef = 6A04DD69216939C50045BA78 /* Assets.xcassets */; };
		6A04DD6D216939C50045BA78 /* LaunchScreen.storyboard in Resources */ = {isa = PBXBuildFile; fileRef = 6A04DD6B216939C50045BA78 /* LaunchScreen.storyboard */; };
		6A04DD78216939C50045BA78 /* firstAppTests.swift in Sources */ = {isa = PBXBuildFile; fileRef = 6A04DD77216939C50045BA78 /* firstAppTests.swift */; };
		6A04DD83216939C50045BA78 /* firstAppUITests.swift in Sources */ = {isa = PBXBuildFile; fileRef = 6A04DD82216939C50045BA78 /* firstAppUITests.swift */; };
/* End PBXBuildFile section */

/* Begin PBXContainerItemProxy section */
		6A04DD74216939C50045BA78 /* PBXContainerItemProxy */ = {
			isa = PBXContainerItemProxy;
			containerPortal = 6A04DD57216939C30045BA78 /* Project object */;
			proxyType = 1;
			remoteGlobalIDString = 6A04DD5E216939C30045BA78;
			remoteInfo = firstApp;
		};
		6A04DD7F216939C50045BA78 /* PBXContainerItemProxy */ = {
			isa = PBXContainerItemProxy;
			containerPortal = 6A04DD57216939C30045BA78 /* Project object */;
			proxyType = 1;
			remoteGlobalIDString = 6A04DD5E216939C30045BA78;
			remoteInfo = firstApp;
		};
/* End PBXContainerItemProxy section */

/* Begin PBXFileReference section */
		6A04DD5F216939C30045BA78 /* firstApp.app */ = {isa = PBXFileReference; explicitFileType = wrapper.application; includeInIndex = 0; path = firstApp.app; sourceTree = BUILT_PRODUCTS_DIR; };
		6A04DD62216939C30045BA78 /* AppDelegate.swift */ = {isa = PBXFileReference; lastKnownFileType = sourcecode.swift; path = AppDelegate.swift; sourceTree = "<group>"; };
		6A04DD64216939C30045BA78 /* ViewController.swift */ = {isa = PBXFileReference; lastKnownFileType = sourcecode.swift; path = ViewController.swift; sourceTree = "<group>"; };
		6A04DD67216939C30045BA78 /* Base */ = {isa = PBXFileReference; lastKnownFileType = file.storyboard; name = Base; path = Base.lproj/Main.storyboard; sourceTree = "<group>"; };
		6A04DD69216939C50045BA78 /* Assets.xcassets */ = {isa = PBXFileReference; lastKnownFileType = folder.assetcatalog; path = Assets.xcassets; sourceTree = "<group>"; };
		6A04DD6C216939C50045BA78 /* Base */ = {isa = PBXFileReference; lastKnownFileType = file.storyboard; name = Base; path = Base.lproj/LaunchScreen.storyboard; sourceTree = "<group>"; };
		6A04DD6E216939C50045BA78 /* Info.plist */ = {isa = PBXFileReference; lastKnownFileType = text.plist.xml; path = Info.plist; sourceTree = "<group>"; };
		6A04DD73216939C50045BA78 /* firstAppTests.xctest */ = {isa = PBXFileReference; explicitFileType = wrapper.cfbundle; includeInIndex = 0; path = firstAppTests.xctest; sourceTree = BUILT_PRODUCTS_DIR; };
		6A04DD77216939C50045BA78 /* firstAppTests.swift */ = {isa = PBXFileReference; lastKnownFileType = sourcecode.swift; path = firstAppTests.swift; sourceTree = "<group>"; };
		6A04DD79216939C50045BA78 /* Info.plist */ = {isa = PBXFileReference; lastKnownFileType = text.plist.xml; path = Info.plist; sourceTree = "<group>"; };
		6A04DD7E216939C50045BA78 /* firstAppUITests.xctest */ = {isa = PBXFileReference; explicitFileType = wrapper.cfbundle; includeInIndex = 0; path = firstAppUITests.xctest; sourceTree = BUILT_PRODUCTS_DIR; };
		6A04DD82216939C50045BA78 /* firstAppUITests.swift */ = {isa = PBXFileReference; lastKnownFileType = sourcecode.swift; path = firstAppUITests.swift; sourceTree = "<group>"; };
		6A04DD84216939C50045BA78 /* Info.plist */ = {isa = PBXFileReference; lastKnownFileType = text.plist.xml; path = Info.plist; sourceTree = "<group>"; };
/* End PBXFileReference section */

/* Begin PBXFrameworksBuildPhase section */
		6A04DD5C216939C30045BA78 /* Frameworks */ = {
			isa = PBXFrameworksBuildPhase;
			buildActionMask = 2147483647;
			files = (
			);
			runOnlyForDeploymentPostprocessing = 0;
		};
		6A04DD70216939C50045BA78 /* Frameworks */ = {
			isa = PBXFrameworksBuildPhase;
			buildActionMask = 2147483647;
			files = (
			);
			runOnlyForDeploymentPostprocessing = 0;
		};
		6A04DD7B216939C50045BA78 /* Frameworks */ = {
			isa = PBXFrameworksBuildPhase;
			buildActionMask = 2147483647;
			files = (
			);
			runOnlyForDeploymentPostprocessing = 0;
		};
/* End PBXFrameworksBuildPhase section */

/* Begin PBXGroup section */
		6A04DD56216939C30045BA78 = {
			isa = PBXGroup;
			children = (
				6A04DD61216939C30045BA78 /* firstApp */,
				6A04DD76216939C50045BA78 /* firstAppTests */,
				6A04DD81216939C50045BA78 /* firstAppUITests */,
				6A04DD60216939C30045BA78 /* Products */,
			);
			sourceTree = "<group>";
		};
		6A04DD60216939C30045BA78 /* Products */ = {
			isa = PBXGroup;
			children = (
				6A04DD5F216939C30045BA78 /* firstApp.app */,
				6A04DD73216939C50045BA78 /* firstAppTests.xctest */,
				6A04DD7E216939C50045BA78 /* firstAppUITests.xctest */,
			);
			name = Products;
			sourceTree = "<group>";
		};
		6A04DD61216939C30045BA78 /* firstApp */ = {
			isa = PBXGroup;
			children = (
				6A04DD62216939C30045BA78 /* AppDelegate.swift */,
				6A04DD64216939C30045BA78 /* ViewController.swift */,
				6A04DD66216939C30045BA78 /* Main.storyboard */,
				6A04DD69216939C50045BA78 /* Assets.xcassets */,
				6A04DD6B216939C50045BA78 /* LaunchScreen.storyboard */,
				6A04DD6E216939C50045BA78 /* Info.plist */,
			);
			path = firstApp;
			sourceTree = "<group>";
		};
		6A04DD76216939C50045BA78 /* firstAppTests */ = {
			isa = PBXGroup;
			children = (
				6A04DD77216939C50045BA78 /* firstAppTests.swift */,
				6A04DD79216939C50045BA78 /* Info.plist */,
			);
			path = firstAppTests;
			sourceTree = "<group>";
		};
		6A04DD81216939C50045BA78 /* firstAppUITests */ = {
			isa = PBXGroup;
			children = (
				6A04DD82216939C50045BA78 /* firstAppUITests.swift */,
				6A04DD84216939C50045BA78 /* Info.plist */,
			);
			path = firstAppUITests;
			sourceTree = "<group>";
		};
/* End PBXGroup section */

/* Begin PBXNativeTarget section */
		6A04DD5E216939C30045BA78 /* firstApp */ = {
			isa = PBXNativeTarget;
			buildConfigurationList = 6A04DD87216939C50045BA78 /* Build configuration list for PBXNativeTarget "firstApp" */;
			buildPhases = (
				6A04DD5B216939C30045BA78 /* Sources */,
				6A04DD5C216939C30045BA78 /* Frameworks */,
				6A04DD5D216939C30045BA78 /* Resources */,
			);
			buildRules = (
			);
			dependencies = (
			);
			name = firstApp;
			productName = firstApp;
			productReference = 6A04DD5F216939C30045BA78 /* firstApp.app */;
			productType = "com.apple.product-type.application";
		};
		6A04DD72216939C50045BA78 /* firstAppTests */ = {
			isa = PBXNativeTarget;
			buildConfigurationList = 6A04DD8A216939C50045BA78 /* Build configuration list for PBXNativeTarget "firstAppTests" */;
			buildPhases = (
				6A04DD6F216939C50045BA78 /* Sources */,
				6A04DD70216939C50045BA78 /* Frameworks */,
				6A04DD71216939C50045BA78 /* Resources */,
			);
			buildRules = (
			);
			dependencies = (
				6A04DD75216939C50045BA78 /* PBXTargetDependency */,
			);
			name = firstAppTests;
			productName = firstAppTests;
			productReference = 6A04DD73216939C50045BA78 /* firstAppTests.xctest */;
			productType = "com.apple.product-type.bundle.unit-test";
		};
		6A04DD7D216939C50045BA78 /* firstAppUITests */ = {
			isa = PBXNativeTarget;
			buildConfigurationList = 6A04DD8D216939C50045BA78 /* Build configuration list for PBXNativeTarget "firstAppUITests" */;
			buildPhases = (
				6A04DD7A216939C50045BA78 /* Sources */,
				6A04DD7B216939C50045BA78 /* Frameworks */,
				6A04DD7C216939C50045BA78 /* Resources */,
			);
			buildRules = (
			);
			dependencies = (
				6A04DD80216939C50045BA78 /* PBXTargetDependency */,
			);
			name = firstAppUITests;
			productName = firstAppUITests;
			productReference = 6A04DD7E216939C50045BA78 /* firstAppUITests.xctest */;
			productType = "com.apple.product-type.bundle.ui-testing";
		};
/* End PBXNativeTarget section */

/* Begin PBXProject section */
		6A04DD57216939C30045BA78 /* Project object */ = {
			isa = PBXProject;
			attributes = {
				LastSwiftUpdateCheck = 1000;
				LastUpgradeCheck = 1000;
				ORGANIZATIONNAME = "Sherafgan Kandov";
				TargetAttributes = {
					6A04DD5E216939C30045BA78 = {
						CreatedOnToolsVersion = 10.0;
					};
					6A04DD72216939C50045BA78 = {
						CreatedOnToolsVersion = 10.0;
						TestTargetID = 6A04DD5E216939C30045BA78;
					};
					6A04DD7D216939C50045BA78 = {
						CreatedOnToolsVersion = 10.0;
						TestTargetID = 6A04DD5E216939C30045BA78;
					};
				};
			};
			buildConfigurationList = 6A04DD5A216939C30045BA78 /* Build configuration list for PBXProject "firstApp" */;
			compatibilityVersion = "Xcode 9.3";
			developmentRegion = en;
			hasScannedForEncodings = 0;
			knownRegions = (
				en,
				Base,
			);
			mainGroup = 6A04DD56216939C30045BA78;
			productRefGroup = 6A04DD60216939C30045BA78 /* Products */;
			projectDirPath = "";
			projectRoot = "";
			targets = (
				6A04DD5E216939C30045BA78 /* firstApp */,
				6A04DD72216939C50045BA78 /* firstAppTests */,
				6A04DD7D216939C50045BA78 /* firstAppUITests */,
			);
		};
/* End PBXProject section */

/* Begin PBXResourcesBuildPhase section */
		6A04DD5D216939C30045BA78 /* Resources */ = {
			isa = PBXResourcesBuildPhase;
			buildActionMask = 2147483647;
			files = (
				6A04DD6D216939C50045BA78 /* LaunchScreen.storyboard in Resources */,
				6A04DD6A216939C50045BA78 /* Assets.xcassets in Resources */,
				6A04DD68216939C30045BA78 /* Main.storyboard in Resources */,
			);
			runOnlyForDeploymentPostprocessing = 0;
		};
		6A04DD71216939C50045BA78 /* Resources */ = {
			isa = PBXResourcesBuildPhase;
			buildActionMask = 2147483647;
			files = (
			);
			runOnlyForDeploymentPostprocessing = 0;
		};
		6A04DD7C216939C50045BA78 /* Resources */ = {
			isa = PBXResourcesBuildPhase;
			buildActionMask = 2147483647;
			files = (
			);
			runOnlyForDeploymentPostprocessing = 0;
		};
/* End PBXResourcesBuildPhase section */

/* Begin PBXSourcesBuildPhase section */
		6A04DD5B216939C30045BA78 /* Sources */ = {
			isa = PBXSourcesBuildPhase;
			buildActionMask = 2147483647;
			files = (
				6A04DD65216939C30045BA78 /* ViewController.swift in Sources */,
				6A04DD63216939C30045BA78 /* AppDelegate.swift in Sources */,
			);
			runOnlyForDeploymentPostprocessing = 0;
		};
		6A04DD6F216939C50045BA78 /* Sources */ = {
			isa = PBXSourcesBuildPhase;
			buildActionMask = 2147483647;
			files = (
				6A04DD78216939C50045BA78 /* firstAppTests.swift in Sources */,
			);
			runOnlyForDeploymentPostprocessing = 0;
		};
		6A04DD7A216939C50045BA78 /* Sources */ = {
			isa = PBXSourcesBuildPhase;
			buildActionMask = 2147483647;
			files = (
				6A04DD83216939C50045BA78 /* firstAppUITests.swift in Sources */,
			);
			runOnlyForDeploymentPostprocessing = 0;
		};
/* End PBXSourcesBuildPhase section */

/* Begin PBXTargetDependency section */
		6A04DD75216939C50045BA78 /* PBXTargetDependency */ = {
			isa = PBXTargetDependency;
			target = 6A04DD5E216939C30045BA78 /* firstApp */;
			targetProxy = 6A04DD74216939C50045BA78 /* PBXContainerItemProxy */;
		};
		6A04DD80216939C50045BA78 /* PBXTargetDependency */ = {
			isa = PBXTargetDependency;
			target = 6A04DD5E216939C30045BA78 /* firstApp */;
			targetProxy = 6A04DD7F216939C50045BA78 /* PBXContainerItemProxy */;
		};
/* End PBXTargetDependency section */

/* Begin PBXVariantGroup section */
		6A04DD66216939C30045BA78 /* Main.storyboard */ = {
			isa = PBXVariantGroup;
			children = (
				6A04DD67216939C30045BA78 /* Base */,
			);
			name = Main.storyboard;
			sourceTree = "<group>";
		};
		6A04DD6B216939C50045BA78 /* LaunchScreen.storyboard */ = {
			isa = PBXVariantGroup;
			children = (
				6A04DD6C216939C50045BA78 /* Base */,
			);
			name = LaunchScreen.storyboard;
			sourceTree = "<group>";
		};
/* End PBXVariantGroup section */

/* Begin XCBuildConfiguration section */
		6A04DD85216939C50045BA78 /* Debug */ = {
			isa = XCBuildConfiguration;
			buildSettings = {
				ALWAYS_SEARCH_USER_PATHS = NO;
				CLANG_ANALYZER_NONNULL = YES;
				CLANG_ANALYZER_NUMBER_OBJECT_CONVERSION = YES_AGGRESSIVE;
				CLANG_CXX_LANGUAGE_STANDARD = "gnu++14";
				CLANG_CXX_LIBRARY = "libc++";
				CLANG_ENABLE_MODULES = YES;
				CLANG_ENABLE_OBJC_ARC = YES;
				CLANG_ENABLE_OBJC_WEAK = YES;
				CLANG_WARN_BLOCK_CAPTURE_AUTORELEASING = YES;
				CLANG_WARN_BOOL_CONVERSION = YES;
				CLANG_WARN_COMMA = YES;
				CLANG_WARN_CONSTANT_CONVERSION = YES;
				CLANG_WARN_DEPRECATED_OBJC_IMPLEMENTATIONS = YES;
				CLANG_WARN_DIRECT_OBJC_ISA_USAGE = YES_ERROR;
				CLANG_WARN_DOCUMENTATION_COMMENTS = YES;
				CLANG_WARN_EMPTY_BODY = YES;
				CLANG_WARN_ENUM_CONVERSION = YES;
				CLANG_WARN_INFINITE_RECURSION = YES;
				CLANG_WARN_INT_CONVERSION = YES;
				CLANG_WARN_NON_LITERAL_NULL_CONVERSION = YES;
				CLANG_WARN_OBJC_IMPLICIT_RETAIN_SELF = YES;
				CLANG_WARN_OBJC_LITERAL_CONVERSION = YES;
				CLANG_WARN_OBJC_ROOT_CLASS = YES_ERROR;
				CLANG_WARN_RANGE_LOOP_ANALYSIS = YES;
				CLANG_WARN_STRICT_PROTOTYPES = YES;
				CLANG_WARN_SUSPICIOUS_MOVE = YES;
				CLANG_WARN_UNGUARDED_AVAILABILITY = YES_AGGRESSIVE;
				CLANG_WARN_UNREACHABLE_CODE = YES;
				CLANG_WARN__DUPLICATE_METHOD_MATCH = YES;
				CODE_SIGN_IDENTITY = "iPhone Developer";
				COPY_PHASE_STRIP = NO;
				DEBUG_INFORMATION_FORMAT = dwarf;
				DEVELOPMENT_TEAM = QCQ5DC2YB2;
				ENABLE_STRICT_OBJC_MSGSEND = YES;
				ENABLE_TESTABILITY = YES;
				GCC_C_LANGUAGE_STANDARD = gnu11;
				GCC_DYNAMIC_NO_PIC = NO;
				GCC_NO_COMMON_BLOCKS = YES;
				GCC_OPTIMIZATION_LEVEL = 0;
				GCC_PREPROCESSOR_DEFINITIONS = (
					"DEBUG=1",
					"$(inherited)",
				);
				GCC_WARN_64_TO_32_BIT_CONVERSION = YES;
				GCC_WARN_ABOUT_RETURN_TYPE = YES_ERROR;
				GCC_WARN_UNDECLARED_SELECTOR = YES;
				GCC_WARN_UNINITIALIZED_AUTOS = YES_AGGRESSIVE;
				GCC_WARN_UNUSED_FUNCTION = YES;
				GCC_WARN_UNUSED_VARIABLE = YES;
				IPHONEOS_DEPLOYMENT_TARGET = 12.0;
				MTL_ENABLE_DEBUG_INFO = INCLUDE_SOURCE;
				MTL_FAST_MATH = YES;
				ONLY_ACTIVE_ARCH = YES;
				SDKROOT = iphoneos;
				SWIFT_ACTIVE_COMPILATION_CONDITIONS = DEBUG;
				SWIFT_OPTIMIZATION_LEVEL = "-Onone";
			};
			name = Debug;
		};
		6A04DD86216939C50045BA78 /* Release */ = {
			isa = XCBuildConfiguration;
			buildSettings = {
				ALWAYS_SEARCH_USER_PATHS = NO;
				CLANG_ANALYZER_NONNULL = YES;
				CLANG_ANALYZER_NUMBER_OBJECT_CONVERSION = YES_AGGRESSIVE;
				CLANG_CXX_LANGUAGE_STANDARD = "gnu++14";
				CLANG_CXX_LIBRARY = "libc++";
				CLANG_ENABLE_MODULES = YES;
				CLANG_ENABLE_OBJC_ARC = YES;
				CLANG_ENABLE_OBJC_WEAK = YES;
				CLANG_WARN_BLOCK_CAPTURE_AUTORELEASING = YES;
				CLANG_WARN_BOOL_CONVERSION = YES;
				CLANG_WARN_COMMA = YES;
				CLANG_WARN_CONSTANT_CONVERSION = YES;
				CLANG_WARN_DEPRECATED_OBJC_IMPLEMENTATIONS = YES;
				CLANG_WARN_DIRECT_OBJC_ISA_USAGE = YES_ERROR;
				CLANG_WARN_DOCUMENTATION_COMMENTS = YES;
				CLANG_WARN_EMPTY_BODY = YES;
				CLANG_WARN_ENUM_CONVERSION = YES;
				CLANG_WARN_INFINITE_RECURSION = YES;
				CLANG_WARN_INT_CONVERSION = YES;
				CLANG_WARN_NON_LITERAL_NULL_CONVERSION = YES;
				CLANG_WARN_OBJC_IMPLICIT_RETAIN_SELF = YES;
				CLANG_WARN_OBJC_LITERAL_CONVERSION = YES;
				CLANG_WARN_OBJC_ROOT_CLASS = YES_ERROR;
				CLANG_WARN_RANGE_LOOP_ANALYSIS = YES;
				CLANG_WARN_STRICT_PROTOTYPES = YES;
				CLANG_WARN_SUSPICIOUS_MOVE = YES;
				CLANG_WARN_UNGUARDED_AVAILABILITY = YES_AGGRESSIVE;
				CLANG_WARN_UNREACHABLE_CODE = YES;
				CLANG_WARN__DUPLICATE_METHOD_MATCH = YES;
				CODE_SIGN_IDENTITY = "iPhone Developer";
				COPY_PHASE_STRIP = NO;
				DEBUG_INFORMATION_FORMAT = "dwarf-with-dsym";
				DEVELOPMENT_TEAM = QCQ5DC2YB2;
				ENABLE_NS_ASSERTIONS = NO;
				ENABLE_STRICT_OBJC_MSGSEND = YES;
				GCC_C_LANGUAGE_STANDARD = gnu11;
				GCC_NO_COMMON_BLOCKS = YES;
				GCC_WARN_64_TO_32_BIT_CONVERSION = YES;
				GCC_WARN_ABOUT_RETURN_TYPE = YES_ERROR;
				GCC_WARN_UNDECLARED_SELECTOR = YES;
				GCC_WARN_UNINITIALIZED_AUTOS = YES_AGGRESSIVE;
				GCC_WARN_UNUSED_FUNCTION = YES;
				GCC_WARN_UNUSED_VARIABLE = YES;
				IPHONEOS_DEPLOYMENT_TARGET = 12.0;
				MTL_ENABLE_DEBUG_INFO = NO;
				MTL_FAST_MATH = YES;
				SDKROOT = iphoneos;
				SWIFT_COMPILATION_MODE = wholemodule;
				SWIFT_OPTIMIZATION_LEVEL = "-O";
				VALIDATE_PRODUCT = YES;
			};
			name = Release;
		};
		6A04DD88216939C50045BA78 /* Debug */ = {
			isa = XCBuildConfiguration;
			buildSettings = {
				ASSETCATALOG_COMPILER_APPICON_NAME = AppIcon;
				CODE_SIGN_STYLE = Automatic;
				DEVELOPMENT_TEAM = QCQ5DC2YB2;
				INFOPLIST_FILE = firstApp/Info.plist;
				LD_RUNPATH_SEARCH_PATHS = (
					"$(inherited)",
					"@executable_path/Frameworks",
				);
				PRODUCT_BUNDLE_IDENTIFIER = me.sherafgan.firstApp;
				PRODUCT_NAME = "$(TARGET_NAME)";
				SWIFT_VERSION = 4.2;
				TARGETED_DEVICE_FAMILY = "1,2";
			};
			name = Debug;
		};
		6A04DD89216939C50045BA78 /* Release */ = {
			isa = XCBuildConfiguration;
			buildSettings = {
				ASSETCATALOG_COMPILER_APPICON_NAME = AppIcon;
				CODE_SIGN_STYLE = Automatic;
				DEVELOPMENT_TEAM = QCQ5DC2YB2;
				INFOPLIST_FILE = firstApp/Info.plist;
				LD_RUNPATH_SEARCH_PATHS = (
					"$(inherited)",
					"@executable_path/Frameworks",
				);
				PRODUCT_BUNDLE_IDENTIFIER = me.sherafgan.firstApp;
				PRODUCT_NAME = "$(TARGET_NAME)";
				SWIFT_VERSION = 4.2;
				TARGETED_DEVICE_FAMILY = "1,2";
			};
			name = Release;
		};
		6A04DD8B216939C50045BA78 /* Debug */ = {
			isa = XCBuildConfiguration;
			buildSettings = {
				ALWAYS_EMBED_SWIFT_STANDARD_LIBRARIES = YES;
				BUNDLE_LOADER = "$(TEST_HOST)";
				CODE_SIGN_STYLE = Automatic;
				INFOPLIST_FILE = firstAppTests/Info.plist;
				LD_RUNPATH_SEARCH_PATHS = (
					"$(inherited)",
					"@executable_path/Frameworks",
					"@loader_path/Frameworks",
				);
				PRODUCT_BUNDLE_IDENTIFIER = me.sherafgan.firstAppTests;
				PRODUCT_NAME = "$(TARGET_NAME)";
				SWIFT_VERSION = 4.2;
				TARGETED_DEVICE_FAMILY = "1,2";
				TEST_HOST = "$(BUILT_PRODUCTS_DIR)/firstApp.app/firstApp";
			};
			name = Debug;
		};
		6A04DD8C216939C50045BA78 /* Release */ = {
			isa = XCBuildConfiguration;
			buildSettings = {
				ALWAYS_EMBED_SWIFT_STANDARD_LIBRARIES = YES;
				BUNDLE_LOADER = "$(TEST_HOST)";
				CODE_SIGN_STYLE = Automatic;
				INFOPLIST_FILE = firstAppTests/Info.plist;
				LD_RUNPATH_SEARCH_PATHS = (
					"$(inherited)",
					"@executable_path/Frameworks",
					"@loader_path/Frameworks",
				);
				PRODUCT_BUNDLE_IDENTIFIER = me.sherafgan.firstAppTests;
				PRODUCT_NAME = "$(TARGET_NAME)";
				SWIFT_VERSION = 4.2;
				TARGETED_DEVICE_FAMILY = "1,2";
				TEST_HOST = "$(BUILT_PRODUCTS_DIR)/firstApp.app/firstApp";
			};
			name = Release;
		};
		6A04DD8E216939C50045BA78 /* Debug */ = {
			isa = XCBuildConfiguration;
			buildSettings = {
				ALWAYS_EMBED_SWIFT_STANDARD_LIBRARIES = YES;
				CODE_SIGN_STYLE = Automatic;
				INFOPLIST_FILE = firstAppUITests/Info.plist;
				LD_RUNPATH_SEARCH_PATHS = (
					"$(inherited)",
					"@executable_path/Frameworks",
					"@loader_path/Frameworks",
				);
				PRODUCT_BUNDLE_IDENTIFIER = me.sherafgan.firstAppUITests;
				PRODUCT_NAME = "$(TARGET_NAME)";
				SWIFT_VERSION = 4.2;
				TARGETED_DEVICE_FAMILY = "1,2";
				TEST_TARGET_NAME = firstApp;
			};
			name = Debug;
		};
		6A04DD8F216939C50045BA78 /* Release */ = {
			isa = XCBuildConfiguration;
			buildSettings = {
				ALWAYS_EMBED_SWIFT_STANDARD_LIBRARIES = YES;
				CODE_SIGN_STYLE = Automatic;
				INFOPLIST_FILE = firstAppUITests/Info.plist;
				LD_RUNPATH_SEARCH_PATHS = (
					"$(inherited)",
					"@executable_path/Frameworks",
					"@loader_path/Frameworks",
				);
				PRODUCT_BUNDLE_IDENTIFIER = me.sherafgan.firstAppUITests;
				PRODUCT_NAME = "$(TARGET_NAME)";
				SWIFT_VERSION = 4.2;
				TARGETED_DEVICE_FAMILY = "1,2";
				TEST_TARGET_NAME = firstApp;
			};
			name = Release;
		};
/* End XCBuildConfiguration section */

/* Begin XCConfigurationList section */
		6A04DD5A216939C30045BA78 /* Build configuration list for PBXProject "firstApp" */ = {
			isa = XCConfigurationList;
			buildConfigurations = (
				6A04DD85216939C50045BA78 /* Debug */,
				6A04DD86216939C50045BA78 /* Release */,
			);
			defaultConfigurationIsVisible = 0;
			defaultConfigurationName = Release;
		};
		6A04DD87216939C50045BA78 /* Build configuration list for PBXNativeTarget "firstApp" */ = {
			isa = XCConfigurationList;
			buildConfigurations = (
				6A04DD88216939C50045BA78 /* Debug */,
				6A04DD89216939C50045BA78 /* Release */,
			);
			defaultConfigurationIsVisible = 0;
			defaultConfigurationName = Release;
		};
		6A04DD8A216939C50045BA78 /* Build configuration list for PBXNativeTarget "firstAppTests" */ = {
			isa = XCConfigurationList;
			buildConfigurations = (
				6A04DD8B216939C50045BA78 /* Debug */,
				6A04DD8C216939C50045BA78 /* Release */,
			);
			defaultConfigurationIsVisible = 0;
			defaultConfigurationName = Release;
		};
		6A04DD8D216939C50045BA78 /* Build configuration list for PBXNativeTarget "firstAppUITests" */ = {
			isa = XCConfigurationList;
			buildConfigurations = (
				6A04DD8E216939C50045BA78 /* Debug */,
				6A04DD8F216939C50045BA78 /* Release */,
			);
			defaultConfigurationIsVisible = 0;
			defaultConfigurationName = Release;
		};
/* End XCConfigurationList section */
	};
	rootObject = 6A04DD57216939C30045BA78 /* Project object */;
}
